
Microsoft Visual Studio Solution File, Format Version 12.00
# Visual Studio 15
VisualStudioVersion = 15.0.28307.1259
MinimumVisualStudioVersion = 10.0.40219.1
Project("{00D1A9C2-B5F0-4AF3-8072-F6C62B433612}") = "DBProject4Test2", "DBProject4Test2\DBProject4Test2.sqlproj", "{27E19FB3-1C99-47AA-948F-834F465F7DEA}"
EndProject
Global
	GlobalSection(SolutionConfigurationPlatforms) = preSolution
		Debug|Any CPU = Debug|Any CPU
		Release|Any CPU = Release|Any CPU
	EndGlobalSection
	GlobalSection(ProjectConfigurationPlatforms) = postSolution
		{27E19FB3-1C99-47AA-948F-834F465F7DEA}.Debug|Any CPU.ActiveCfg = Debug|Any CPU
		{27E19FB3-1C99-47AA-948F-834F465F7DEA}.Debug|Any CPU.Build.0 = Debug|Any CPU
		{27E19FB3-1C99-47AA-948F-834F465F7DEA}.Debug|Any CPU.Deploy.0 = Debug|Any CPU
		{27E19FB3-1C99-47AA-948F-834F465F7DEA}.Release|Any CPU.ActiveCfg = Release|Any CPU
		{27E19FB3-1C99-47AA-948F-834F465F7DEA}.Release|Any CPU.Build.0 = Release|Any CPU
		{27E19FB3-1C99-47AA-948F-834F465F7DEA}.Release|Any CPU.Deploy.0 = Release|Any CPU
	EndGlobalSection
	GlobalSection(SolutionProperties) = preSolution
		HideSolutionNode = FALSE
	EndGlobalSection
	GlobalSection(ExtensibilityGlobals) = postSolution
		SolutionGuid = {7C3E33D4-1A89-4AC4-BA2D-4555A538647E}
	EndGlobalSection
EndGlobal
